{
  "pins" : [
    {
      "identity" : "sclalertview-swift",
      "kind" : "remoteSourceControl",
      "location" : "https://github.com/vikmeup/SCLAlertView-Swift",
      "state" : {
        "branch" : "master",
        "revision" : "f08ec93c299a221210e59462c84c79410050e5b7"
      }
    }
  ],
  "version" : 2
}
